// !$*UTF8*$!
{
	archiveVersion = 1;
	classes = {
	};
	objectVersion = 55;
	objects = {

/* Begin PBXBuildFile section */
		7559948C2787530E00056515 /* AppSearchCollectionViewController.swift in Sources */ = {isa = PBXBuildFile; fileRef = 7559948B2787530E00056515 /* AppSearchCollectionViewController.swift */; };
		7559948F2787606000056515 /* SearchResultCCell.swift in Sources */ = {isa = PBXBuildFile; fileRef = 7559948E2787606000056515 /* SearchResultCCell.swift */; };
		757F80932785F89D009FE11D /* AppDelegate.swift in Sources */ = {isa = PBXBuildFile; fileRef = 757F80922785F89D009FE11D /* AppDelegate.swift */; };
		757F80952785F89D009FE11D /* SceneDelegate.swift in Sources */ = {isa = PBXBuildFile; fileRef = 757F80942785F89D009FE11D /* SceneDelegate.swift */; };
		757F80972785F89D009FE11D /* ViewController.swift in Sources */ = {isa = PBXBuildFile; fileRef = 757F80962785F89D009FE11D /* ViewController.swift */; };
		757F809A2785F89D009FE11D /* Main.storyboard in Resources */ = {isa = PBXBuildFile; fileRef = 757F80982785F89D009FE11D /* Main.storyboard */; };
		757F809C2785F89E009FE11D /* Assets.xcassets in Resources */ = {isa = PBXBuildFile; fileRef = 757F809B2785F89E009FE11D /* Assets.xcassets */; };
		757F809F2785F89E009FE11D /* LaunchScreen.storyboard in Resources */ = {isa = PBXBuildFile; fileRef = 757F809D2785F89E009FE11D /* LaunchScreen.storyboard */; };
		757F80A82785FC9B009FE11D /* BaseTabBarViewController.swift in Sources */ = {isa = PBXBuildFile; fileRef = 757F80A72785FC9B009FE11D /* BaseTabBarViewController.swift */; };
		76F04C87D5D9807B4B22B1E6 /* Pods_MySwiftStandardsStore.framework in Frameworks */ = {isa = PBXBuildFile; fileRef = B820DA3A55337C31BF68D035 /* Pods_MySwiftStandardsStore.framework */; };
/* End PBXBuildFile section */

/* Begin PBXFileReference section */
		7559948B2787530E00056515 /* AppSearchCollectionViewController.swift */ = {isa = PBXFileReference; lastKnownFileType = sourcecode.swift; path = AppSearchCollectionViewController.swift; sourceTree = "<group>"; };
		7559948E2787606000056515 /* SearchResultCCell.swift */ = {isa = PBXFileReference; lastKnownFileType = sourcecode.swift; path = SearchResultCCell.swift; sourceTree = "<group>"; };
		757F808F2785F89D009FE11D /* MySwiftStandardsStore.app */ = {isa = PBXFileReference; explicitFileType = wrapper.application; includeInIndex = 0; path = MySwiftStandardsStore.app; sourceTree = BUILT_PRODUCTS_DIR; };
		757F80922785F89D009FE11D /* AppDelegate.swift */ = {isa = PBXFileReference; lastKnownFileType = sourcecode.swift; path = AppDelegate.swift; sourceTree = "<group>"; };
		757F80942785F89D009FE11D /* SceneDelegate.swift */ = {isa = PBXFileReference; lastKnownFileType = sourcecode.swift; path = SceneDelegate.swift; sourceTree = "<group>"; };
		757F80962785F89D009FE11D /* ViewController.swift */ = {isa = PBXFileReference; lastKnownFileType = sourcecode.swift; path = ViewController.swift; sourceTree = "<group>"; };
		757F80992785F89D009FE11D /* Base */ = {isa = PBXFileReference; lastKnownFileType = file.storyboard; name = Base; path = Base.lproj/Main.storyboard; sourceTree = "<group>"; };
		757F809B2785F89E009FE11D /* Assets.xcassets */ = {isa = PBXFileReference; lastKnownFileType = folder.assetcatalog; path = Assets.xcassets; sourceTree = "<group>"; };
		757F809E2785F89E009FE11D /* Base */ = {isa = PBXFileReference; lastKnownFileType = file.storyboard; name = Base; path = Base.lproj/LaunchScreen.storyboard; sourceTree = "<group>"; };
		757F80A02785F89E009FE11D /* Info.plist */ = {isa = PBXFileReference; lastKnownFileType = text.plist.xml; path = Info.plist; sourceTree = "<group>"; };
		757F80A72785FC9B009FE11D /* BaseTabBarViewController.swift */ = {isa = PBXFileReference; lastKnownFileType = sourcecode.swift; path = BaseTabBarViewController.swift; sourceTree = "<group>"; };
		A248C2EFAE6B951801DFFBF9 /* Pods-MySwiftStandardsStore.debug.xcconfig */ = {isa = PBXFileReference; includeInIndex = 1; lastKnownFileType = text.xcconfig; name = "Pods-MySwiftStandardsStore.debug.xcconfig"; path = "Target Support Files/Pods-MySwiftStandardsStore/Pods-MySwiftStandardsStore.debug.xcconfig"; sourceTree = "<group>"; };
		B18B9457B434AF1E580A1479 /* Pods-MySwiftStandardsStore.release.xcconfig */ = {isa = PBXFileReference; includeInIndex = 1; lastKnownFileType = text.xcconfig; name = "Pods-MySwiftStandardsStore.release.xcconfig"; path = "Target Support Files/Pods-MySwiftStandardsStore/Pods-MySwiftStandardsStore.release.xcconfig"; sourceTree = "<group>"; };
		B820DA3A55337C31BF68D035 /* Pods_MySwiftStandardsStore.framework */ = {isa = PBXFileReference; explicitFileType = wrapper.framework; includeInIndex = 0; path = Pods_MySwiftStandardsStore.framework; sourceTree = BUILT_PRODUCTS_DIR; };
/* End PBXFileReference section */

/* Begin PBXFrameworksBuildPhase section */
		757F808C2785F89D009FE11D /* Frameworks */ = {
			isa = PBXFrameworksBuildPhase;
			buildActionMask = 2147483647;
			files = (
				76F04C87D5D9807B4B22B1E6 /* Pods_MySwiftStandardsStore.framework in Frameworks */,
			);
			runOnlyForDeploymentPostprocessing = 0;
		};
/* End PBXFrameworksBuildPhase section */

/* Begin PBXGroup section */
		2CE103C0BBC3FA0A67864B20 /* Frameworks */ = {
			isa = PBXGroup;
			children = (
				B820DA3A55337C31BF68D035 /* Pods_MySwiftStandardsStore.framework */,
			);
			name = Frameworks;
			sourceTree = "<group>";
		};
		7559948D2787603300056515 /* Views */ = {
			isa = PBXGroup;
			children = (
				7559948E2787606000056515 /* SearchResultCCell.swift */,
			);
			path = Views;
			sourceTree = "<group>";
		};
		757F80862785F89D009FE11D = {
			isa = PBXGroup;
			children = (
				757F80912785F89D009FE11D /* MySwiftStandardsStore */,
				757F80902785F89D009FE11D /* Products */,
				7F56CEAE8388767F6AB332B5 /* Pods */,
				2CE103C0BBC3FA0A67864B20 /* Frameworks */,
			);
			sourceTree = "<group>";
		};
		757F80902785F89D009FE11D /* Products */ = {
			isa = PBXGroup;
			children = (
				757F808F2785F89D009FE11D /* MySwiftStandardsStore.app */,
			);
			name = Products;
			sourceTree = "<group>";
		};
		757F80912785F89D009FE11D /* MySwiftStandardsStore */ = {
			isa = PBXGroup;
			children = (
				757F80922785F89D009FE11D /* AppDelegate.swift */,
				757F80942785F89D009FE11D /* SceneDelegate.swift */,
				757F80962785F89D009FE11D /* ViewController.swift */,
				7559948D2787603300056515 /* Views */,
				757F80A62785FC55009FE11D /* Controllers */,
				757F80982785F89D009FE11D /* Main.storyboard */,
				757F809B2785F89E009FE11D /* Assets.xcassets */,
				757F809D2785F89E009FE11D /* LaunchScreen.storyboard */,
				757F80A02785F89E009FE11D /* Info.plist */,
			);
			path = MySwiftStandardsStore;
			sourceTree = "<group>";
		};
		757F80A62785FC55009FE11D /* Controllers */ = {
			isa = PBXGroup;
			children = (
				757F80A72785FC9B009FE11D /* BaseTabBarViewController.swift */,
				7559948B2787530E00056515 /* AppSearchCollectionViewController.swift */,
			);
			path = Controllers;
			sourceTree = "<group>";
		};
		7F56CEAE8388767F6AB332B5 /* Pods */ = {
			isa = PBXGroup;
			children = (
				A248C2EFAE6B951801DFFBF9 /* Pods-MySwiftStandardsStore.debug.xcconfig */,
				B18B9457B434AF1E580A1479 /* Pods-MySwiftStandardsStore.release.xcconfig */,
			);
			name = Pods;
			path = Pods;
			sourceTree = "<group>";
		};
/* End PBXGroup section */

/* Begin PBXNativeTarget section */
		757F808E2785F89D009FE11D /* MySwiftStandardsStore */ = {
			isa = PBXNativeTarget;
			buildConfigurationList = 757F80A32785F89E009FE11D /* Build configuration list for PBXNativeTarget "MySwiftStandardsStore" */;
			buildPhases = (
				3996EDD776D829F3613776C2 /* [CP] Check Pods Manifest.lock */,
				757F808B2785F89D009FE11D /* Sources */,
				757F808C2785F89D009FE11D /* Frameworks */,
				757F808D2785F89D009FE11D /* Resources */,
				7B7A4272DBFC127AD4146089 /* [CP] Embed Pods Frameworks */,
			);
			buildRules = (
			);
			dependencies = (
			);
			name = MySwiftStandardsStore;
			productName = MySwiftStandardsStore;
			productReference = 757F808F2785F89D009FE11D /* MySwiftStandardsStore.app */;
			productType = "com.apple.product-type.application";
		};
/* End PBXNativeTarget section */

/* Begin PBXProject section */
		757F80872785F89D009FE11D /* Project object */ = {
			isa = PBXProject;
			attributes = {
				BuildIndependentTargetsInParallel = 1;
				LastSwiftUpdateCheck = 1320;
				LastUpgradeCheck = 1320;
				TargetAttributes = {
					757F808E2785F89D009FE11D = {
						CreatedOnToolsVersion = 13.2.1;
					};
				};
			};
			buildConfigurationList = 757F808A2785F89D009FE11D /* Build configuration list for PBXProject "MySwiftStandardsStore" */;
			compatibilityVersion = "Xcode 13.0";
			developmentRegion = en;
			hasScannedForEncodings = 0;
			knownRegions = (
				en,
				Base,
			);
			mainGroup = 757F80862785F89D009FE11D;
			productRefGroup = 757F80902785F89D009FE11D /* Products */;
			projectDirPath = "";
			projectRoot = "";
			targets = (
				757F808E2785F89D009FE11D /* MySwiftStandardsStore */,
			);
		};
/* End PBXProject section */

/* Begin PBXResourcesBuildPhase section */
		757F808D2785F89D009FE11D /* Resources */ = {
			isa = PBXResourcesBuildPhase;
			buildActionMask = 2147483647;
			files = (
				757F809F2785F89E009FE11D /* LaunchScreen.storyboard in Resources */,
				757F809C2785F89E009FE11D /* Assets.xcassets in Resources */,
				757F809A2785F89D009FE11D /* Main.storyboard in Resources */,
			);
			runOnlyForDeploymentPostprocessing = 0;
		};
/* End PBXResourcesBuildPhase section */

/* Begin PBXShellScriptBuildPhase section */
		3996EDD776D829F3613776C2 /* [CP] Check Pods Manifest.lock */ = {
			isa = PBXShellScriptBuildPhase;
			buildActionMask = 2147483647;
			files = (
			);
			inputFileListPaths = (
			);
			inputPaths = (
				"${PODS_PODFILE_DIR_PATH}/Podfile.lock",
				"${PODS_ROOT}/Manifest.lock",
			);
			name = "[CP] Check Pods Manifest.lock";
			outputFileListPaths = (
			);
			outputPaths = (
				"$(DERIVED_FILE_DIR)/Pods-MySwiftStandardsStore-checkManifestLockResult.txt",
			);
			runOnlyForDeploymentPostprocessing = 0;
			shellPath = /bin/sh;
			shellScript = "diff \"${PODS_PODFILE_DIR_PATH}/Podfile.lock\" \"${PODS_ROOT}/Manifest.lock\" > /dev/null\nif [ $? != 0 ] ; then\n    # print error to STDERR\n    echo \"error: The sandbox is not in sync with the Podfile.lock. Run 'pod install' or update your CocoaPods installation.\" >&2\n    exit 1\nfi\n# This output is used by Xcode 'outputs' to avoid re-running this script phase.\necho \"SUCCESS\" > \"${SCRIPT_OUTPUT_FILE_0}\"\n";
			showEnvVarsInLog = 0;
		};
		7B7A4272DBFC127AD4146089 /* [CP] Embed Pods Frameworks */ = {
			isa = PBXShellScriptBuildPhase;
			buildActionMask = 2147483647;
			files = (
			);
			inputFileListPaths = (
				"${PODS_ROOT}/Target Support Files/Pods-MySwiftStandardsStore/Pods-MySwiftStandardsStore-frameworks-${CONFIGURATION}-input-files.xcfilelist",
			);
			name = "[CP] Embed Pods Frameworks";
			outputFileListPaths = (
				"${PODS_ROOT}/Target Support Files/Pods-MySwiftStandardsStore/Pods-MySwiftStandardsStore-frameworks-${CONFIGURATION}-output-files.xcfilelist",
			);
			runOnlyForDeploymentPostprocessing = 0;
			shellPath = /bin/sh;
			shellScript = "\"${PODS_ROOT}/Target Support Files/Pods-MySwiftStandardsStore/Pods-MySwiftStandardsStore-frameworks.sh\"\n";
			showEnvVarsInLog = 0;
		};
/* End PBXShellScriptBuildPhase section */

/* Begin PBXSourcesBuildPhase section */
		757F808B2785F89D009FE11D /* Sources */ = {
			isa = PBXSourcesBuildPhase;
			buildActionMask = 2147483647;
			files = (
				7559948F2787606000056515 /* SearchResultCCell.swift in Sources */,
				7559948C2787530E00056515 /* AppSearchCollectionViewController.swift in Sources */,
				757F80972785F89D009FE11D /* ViewController.swift in Sources */,
				757F80932785F89D009FE11D /* AppDelegate.swift in Sources */,
				757F80952785F89D009FE11D /* SceneDelegate.swift in Sources */,
				757F80A82785FC9B009FE11D /* BaseTabBarViewController.swift in Sources */,
			);
			runOnlyForDeploymentPostprocessing = 0;
		};
/* End PBXSourcesBuildPhase section */

/* Begin PBXVariantGroup section */
		757F80982785F89D009FE11D /* Main.storyboard */ = {
			isa = PBXVariantGroup;
			children = (
				757F80992785F89D009FE11D /* Base */,
			);
			name = Main.storyboard;
			sourceTree = "<group>";
		};
		757F809D2785F89E009FE11D /* LaunchScreen.storyboard */ = {
			isa = PBXVariantGroup;
			children = (
				757F809E2785F89E009FE11D /* Base */,
			);
			name = LaunchScreen.storyboard;
			sourceTree = "<group>";
		};
/* End PBXVariantGroup section */

/* Begin XCBuildConfiguration section */
		757F80A12785F89E009FE11D /* Debug */ = {
			isa = XCBuildConfiguration;
			buildSettings = {
				ALWAYS_SEARCH_USER_PATHS = NO;
				CLANG_ANALYZER_NONNULL = YES;
				CLANG_ANALYZER_NUMBER_OBJECT_CONVERSION = YES_AGGRESSIVE;
				CLANG_CXX_LANGUAGE_STANDARD = "gnu++17";
				CLANG_CXX_LIBRARY = "libc++";
				CLANG_ENABLE_MODULES = YES;
				CLANG_ENABLE_OBJC_ARC = YES;
				CLANG_ENABLE_OBJC_WEAK = YES;
				CLANG_WARN_BLOCK_CAPTURE_AUTORELEASING = YES;
				CLANG_WARN_BOOL_CONVERSION = YES;
				CLANG_WARN_COMMA = YES;
				CLANG_WARN_CONSTANT_CONVERSION = YES;
				CLANG_WARN_DEPRECATED_OBJC_IMPLEMENTATIONS = YES;
				CLANG_WARN_DIRECT_OBJC_ISA_USAGE = YES_ERROR;
				CLANG_WARN_DOCUMENTATION_COMMENTS = YES;
				CLANG_WARN_EMPTY_BODY = YES;
				CLANG_WARN_ENUM_CONVERSION = YES;
				CLANG_WARN_INFINITE_RECURSION = YES;
				CLANG_WARN_INT_CONVERSION = YES;
				CLANG_WARN_NON_LITERAL_NULL_CONVERSION = YES;
				CLANG_WARN_OBJC_IMPLICIT_RETAIN_SELF = YES;
				CLANG_WARN_OBJC_LITERAL_CONVERSION = YES;
				CLANG_WARN_OBJC_ROOT_CLASS = YES_ERROR;
				CLANG_WARN_QUOTED_INCLUDE_IN_FRAMEWORK_HEADER = YES;
				CLANG_WARN_RANGE_LOOP_ANALYSIS = YES;
				CLANG_WARN_STRICT_PROTOTYPES = YES;
				CLANG_WARN_SUSPICIOUS_MOVE = YES;
				CLANG_WARN_UNGUARDED_AVAILABILITY = YES_AGGRESSIVE;
				CLANG_WARN_UNREACHABLE_CODE = YES;
				CLANG_WARN__DUPLICATE_METHOD_MATCH = YES;
				COPY_PHASE_STRIP = NO;
				DEBUG_INFORMATION_FORMAT = dwarf;
				ENABLE_STRICT_OBJC_MSGSEND = YES;
				ENABLE_TESTABILITY = YES;
				GCC_C_LANGUAGE_STANDARD = gnu11;
				GCC_DYNAMIC_NO_PIC = NO;
				GCC_NO_COMMON_BLOCKS = YES;
				GCC_OPTIMIZATION_LEVEL = 0;
				GCC_PREPROCESSOR_DEFINITIONS = (
					"DEBUG=1",
					"$(inherited)",
				);
				GCC_WARN_64_TO_32_BIT_CONVERSION = YES;
				GCC_WARN_ABOUT_RETURN_TYPE = YES_ERROR;
				GCC_WARN_UNDECLARED_SELECTOR = YES;
				GCC_WARN_UNINITIALIZED_AUTOS = YES_AGGRESSIVE;
				GCC_WARN_UNUSED_FUNCTION = YES;
				GCC_WARN_UNUSED_VARIABLE = YES;
				IPHONEOS_DEPLOYMENT_TARGET = 15.2;
				MTL_ENABLE_DEBUG_INFO = INCLUDE_SOURCE;
				MTL_FAST_MATH = YES;
				ONLY_ACTIVE_ARCH = YES;
				SDKROOT = iphoneos;
				SWIFT_ACTIVE_COMPILATION_CONDITIONS = DEBUG;
				SWIFT_OPTIMIZATION_LEVEL = "-Onone";
			};
			name = Debug;
		};
		757F80A22785F89E009FE11D /* Release */ = {
			isa = XCBuildConfiguration;
			buildSettings = {
				ALWAYS_SEARCH_USER_PATHS = NO;
				CLANG_ANALYZER_NONNULL = YES;
				CLANG_ANALYZER_NUMBER_OBJECT_CONVERSION = YES_AGGRESSIVE;
				CLANG_CXX_LANGUAGE_STANDARD = "gnu++17";
				CLANG_CXX_LIBRARY = "libc++";
				CLANG_ENABLE_MODULES = YES;
				CLANG_ENABLE_OBJC_ARC = YES;
				CLANG_ENABLE_OBJC_WEAK = YES;
				CLANG_WARN_BLOCK_CAPTURE_AUTORELEASING = YES;
				CLANG_WARN_BOOL_CONVERSION = YES;
				CLANG_WARN_COMMA = YES;
				CLANG_WARN_CONSTANT_CONVERSION = YES;
				CLANG_WARN_DEPRECATED_OBJC_IMPLEMENTATIONS = YES;
				CLANG_WARN_DIRECT_OBJC_ISA_USAGE = YES_ERROR;
				CLANG_WARN_DOCUMENTATION_COMMENTS = YES;
				CLANG_WARN_EMPTY_BODY = YES;
				CLANG_WARN_ENUM_CONVERSION = YES;
				CLANG_WARN_INFINITE_RECURSION = YES;
				CLANG_WARN_INT_CONVERSION = YES;
				CLANG_WARN_NON_LITERAL_NULL_CONVERSION = YES;
				CLANG_WARN_OBJC_IMPLICIT_RETAIN_SELF = YES;
				CLANG_WARN_OBJC_LITERAL_CONVERSION = YES;
				CLANG_WARN_OBJC_ROOT_CLASS = YES_ERROR;
				CLANG_WARN_QUOTED_INCLUDE_IN_FRAMEWORK_HEADER = YES;
				CLANG_WARN_RANGE_LOOP_ANALYSIS = YES;
				CLANG_WARN_STRICT_PROTOTYPES = YES;
				CLANG_WARN_SUSPICIOUS_MOVE = YES;
				CLANG_WARN_UNGUARDED_AVAILABILITY = YES_AGGRESSIVE;
				CLANG_WARN_UNREACHABLE_CODE = YES;
				CLANG_WARN__DUPLICATE_METHOD_MATCH = YES;
				COPY_PHASE_STRIP = NO;
				DEBUG_INFORMATION_FORMAT = "dwarf-with-dsym";
				ENABLE_NS_ASSERTIONS = NO;
				ENABLE_STRICT_OBJC_MSGSEND = YES;
				GCC_C_LANGUAGE_STANDARD = gnu11;
				GCC_NO_COMMON_BLOCKS = YES;
				GCC_WARN_64_TO_32_BIT_CONVERSION = YES;
				GCC_WARN_ABOUT_RETURN_TYPE = YES_ERROR;
				GCC_WARN_UNDECLARED_SELECTOR = YES;
				GCC_WARN_UNINITIALIZED_AUTOS = YES_AGGRESSIVE;
				GCC_WARN_UNUSED_FUNCTION = YES;
				GCC_WARN_UNUSED_VARIABLE = YES;
				IPHONEOS_DEPLOYMENT_TARGET = 15.2;
				MTL_ENABLE_DEBUG_INFO = NO;
				MTL_FAST_MATH = YES;
				SDKROOT = iphoneos;
				SWIFT_COMPILATION_MODE = wholemodule;
				SWIFT_OPTIMIZATION_LEVEL = "-O";
				VALIDATE_PRODUCT = YES;
			};
			name = Release;
		};
		757F80A42785F89E009FE11D /* Debug */ = {
			isa = XCBuildConfiguration;
			baseConfigurationReference = A248C2EFAE6B951801DFFBF9 /* Pods-MySwiftStandardsStore.debug.xcconfig */;
			buildSettings = {
				ASSETCATALOG_COMPILER_APPICON_NAME = AppIcon;
				ASSETCATALOG_COMPILER_GLOBAL_ACCENT_COLOR_NAME = AccentColor;
				CODE_SIGN_STYLE = Automatic;
				CURRENT_PROJECT_VERSION = 1;
				GENERATE_INFOPLIST_FILE = YES;
				INFOPLIST_FILE = MySwiftStandardsStore/Info.plist;
				INFOPLIST_KEY_UIApplicationSupportsIndirectInputEvents = YES;
				INFOPLIST_KEY_UILaunchStoryboardName = LaunchScreen;
				INFOPLIST_KEY_UIMainStoryboardFile = Main;
				INFOPLIST_KEY_UISupportedInterfaceOrientations_iPad = "UIInterfaceOrientationPortrait UIInterfaceOrientationPortraitUpsideDown UIInterfaceOrientationLandscapeLeft UIInterfaceOrientationLandscapeRight";
				INFOPLIST_KEY_UISupportedInterfaceOrientations_iPhone = "UIInterfaceOrientationPortrait UIInterfaceOrientationLandscapeLeft UIInterfaceOrientationLandscapeRight";
				IPHONEOS_DEPLOYMENT_TARGET = 13.0;
				LD_RUNPATH_SEARCH_PATHS = (
					"$(inherited)",
					"@executable_path/Frameworks",
				);
				MARKETING_VERSION = 1.0;
				PRODUCT_BUNDLE_IDENTIFIER = com.nb.RN;
				PRODUCT_NAME = "$(TARGET_NAME)";
				SWIFT_EMIT_LOC_STRINGS = YES;
				SWIFT_VERSION = 5.0;
				TARGETED_DEVICE_FAMILY = "1,2";
			};
			name = Debug;
		};
		757F80A52785F89E009FE11D /* Release */ = {
			isa = XCBuildConfiguration;
			baseConfigurationReference = B18B9457B434AF1E580A1479 /* Pods-MySwiftStandardsStore.release.xcconfig */;
			buildSettings = {
				ASSETCATALOG_COMPILER_APPICON_NAME = AppIcon;
				ASSETCATALOG_COMPILER_GLOBAL_ACCENT_COLOR_NAME = AccentColor;
				CODE_SIGN_STYLE = Automatic;
				CURRENT_PROJECT_VERSION = 1;
				GENERATE_INFOPLIST_FILE = YES;
				INFOPLIST_FILE = MySwiftStandardsStore/Info.plist;
				INFOPLIST_KEY_UIApplicationSupportsIndirectInputEvents = YES;
				INFOPLIST_KEY_UILaunchStoryboardName = LaunchScreen;
				INFOPLIST_KEY_UIMainStoryboardFile = Main;
				INFOPLIST_KEY_UISupportedInterfaceOrientations_iPad = "UIInterfaceOrientationPortrait UIInterfaceOrientationPortraitUpsideDown UIInterfaceOrientationLandscapeLeft UIInterfaceOrientationLandscapeRight";
				INFOPLIST_KEY_UISupportedInterfaceOrientations_iPhone = "UIInterfaceOrientationPortrait UIInterfaceOrientationLandscapeLeft UIInterfaceOrientationLandscapeRight";
				IPHONEOS_DEPLOYMENT_TARGET = 13.0;
				LD_RUNPATH_SEARCH_PATHS = (
					"$(inherited)",
					"@executable_path/Frameworks",
				);
				MARKETING_VERSION = 1.0;
				PRODUCT_BUNDLE_IDENTIFIER = com.nb.RN;
				PRODUCT_NAME = "$(TARGET_NAME)";
				SWIFT_EMIT_LOC_STRINGS = YES;
				SWIFT_VERSION = 5.0;
				TARGETED_DEVICE_FAMILY = "1,2";
			};
			name = Release;
		};
/* End XCBuildConfiguration section */

/* Begin XCConfigurationList section */
		757F808A2785F89D009FE11D /* Build configuration list for PBXProject "MySwiftStandardsStore" */ = {
			isa = XCConfigurationList;
			buildConfigurations = (
				757F80A12785F89E009FE11D /* Debug */,
				757F80A22785F89E009FE11D /* Release */,
			);
			defaultConfigurationIsVisible = 0;
			defaultConfigurationName = Release;
		};
		757F80A32785F89E009FE11D /* Build configuration list for PBXNativeTarget "MySwiftStandardsStore" */ = {
			isa = XCConfigurationList;
			buildConfigurations = (
				757F80A42785F89E009FE11D /* Debug */,
				757F80A52785F89E009FE11D /* Release */,
			);
			defaultConfigurationIsVisible = 0;
			defaultConfigurationName = Release;
		};
/* End XCConfigurationList section */
	};
	rootObject = 757F80872785F89D009FE11D /* Project object */;
}
